
Microsoft Visual Studio Solution File, Format Version 12.00
# Visual Studio Version 16
VisualStudioVersion = 16.0.32106.194
MinimumVisualStudioVersion = 10.0.40219.1
Project("{FAE04EC0-301F-11D3-BF4B-00C04F79EFBC}") = "Form01_Kontroller", "Form01_Kontroller\Form01_Kontroller.csproj", "{9DDF92AB-F18C-4AA3-B907-925B4568FA3A}"
EndProject
Global
	GlobalSection(SolutionConfigurationPlatforms) = preSolution
		Debug|Any CPU = Debug|Any CPU
		Release|Any CPU = Release|Any CPU
	EndGlobalSection
	GlobalSection(ProjectConfigurationPlatforms) = postSolution
		{9DDF92AB-F18C-4AA3-B907-925B4568FA3A}.Debug|Any CPU.ActiveCfg = Debug|Any CPU
		{9DDF92AB-F18C-4AA3-B907-925B4568FA3A}.Debug|Any CPU.Build.0 = Debug|Any CPU
		{9DDF92AB-F18C-4AA3-B907-925B4568FA3A}.Release|Any CPU.ActiveCfg = Release|Any CPU
		{9DDF92AB-F18C-4AA3-B907-925B4568FA3A}.Release|Any CPU.Build.0 = Release|Any CPU
	EndGlobalSection
	GlobalSection(SolutionProperties) = preSolution
		HideSolutionNode = FALSE
	EndGlobalSection
	GlobalSection(ExtensibilityGlobals) = postSolution
		SolutionGuid = {A9D4505C-0071-40AD-8641-B5FD11F2B512}
	EndGlobalSection
EndGlobal
