
Microsoft Visual Studio Solution File, Format Version 12.00
# Visual Studio Version 16
VisualStudioVersion = 16.0.32106.194
MinimumVisualStudioVersion = 10.0.40219.1
Project("{FAE04EC0-301F-11D3-BF4B-00C04F79EFBC}") = "Proje_03_Data_Types", "Proje_03_Data_Types\Proje_03_Data_Types.csproj", "{0951F31D-1AE7-48A2-AB70-DB1ED6E48340}"
EndProject
Global
	GlobalSection(SolutionConfigurationPlatforms) = preSolution
		Debug|Any CPU = Debug|Any CPU
		Release|Any CPU = Release|Any CPU
	EndGlobalSection
	GlobalSection(ProjectConfigurationPlatforms) = postSolution
		{0951F31D-1AE7-48A2-AB70-DB1ED6E48340}.Debug|Any CPU.ActiveCfg = Debug|Any CPU
		{0951F31D-1AE7-48A2-AB70-DB1ED6E48340}.Debug|Any CPU.Build.0 = Debug|Any CPU
		{0951F31D-1AE7-48A2-AB70-DB1ED6E48340}.Release|Any CPU.ActiveCfg = Release|Any CPU
		{0951F31D-1AE7-48A2-AB70-DB1ED6E48340}.Release|Any CPU.Build.0 = Release|Any CPU
	EndGlobalSection
	GlobalSection(SolutionProperties) = preSolution
		HideSolutionNode = FALSE
	EndGlobalSection
	GlobalSection(ExtensibilityGlobals) = postSolution
		SolutionGuid = {B0DBC141-6140-4EFA-9259-1C50A2B90ABE}
	EndGlobalSection
EndGlobal
