
Microsoft Visual Studio Solution File, Format Version 12.00
# Visual Studio Version 16
VisualStudioVersion = 16.0.32413.511
MinimumVisualStudioVersion = 10.0.40219.1
Project("{FAE04EC0-301F-11D3-BF4B-00C04F79EFBC}") = "MiniShopApp.Entity", "MiniShopApp.Entity\MiniShopApp.Entity.csproj", "{A5DE55EC-607E-4FED-8DFD-9D3B5BDF183A}"
EndProject
Project("{FAE04EC0-301F-11D3-BF4B-00C04F79EFBC}") = "MiniShopApp.WebUI", "MiniShopApp.WebUI\MiniShopApp.WebUI.csproj", "{4B632C1A-84E5-43EA-9109-E66D210320F6}"
EndProject
Project("{FAE04EC0-301F-11D3-BF4B-00C04F79EFBC}") = "MiniShopApp.Data", "MiniShopApp.Data\MiniShopApp.Data.csproj", "{BFAAD278-8D92-4CEE-981D-FBD55D8ED59B}"
EndProject
Project("{FAE04EC0-301F-11D3-BF4B-00C04F79EFBC}") = "MiniShopApp.Business", "MiniShopApp.Business\MiniShopApp.Business.csproj", "{EE948219-B3D0-4AE2-97A7-5AA59CC22C05}"
EndProject
Global
	GlobalSection(SolutionConfigurationPlatforms) = preSolution
		Debug|Any CPU = Debug|Any CPU
		Release|Any CPU = Release|Any CPU
	EndGlobalSection
	GlobalSection(ProjectConfigurationPlatforms) = postSolution
		{A5DE55EC-607E-4FED-8DFD-9D3B5BDF183A}.Debug|Any CPU.ActiveCfg = Debug|Any CPU
		{A5DE55EC-607E-4FED-8DFD-9D3B5BDF183A}.Debug|Any CPU.Build.0 = Debug|Any CPU
		{A5DE55EC-607E-4FED-8DFD-9D3B5BDF183A}.Release|Any CPU.ActiveCfg = Release|Any CPU
		{A5DE55EC-607E-4FED-8DFD-9D3B5BDF183A}.Release|Any CPU.Build.0 = Release|Any CPU
		{4B632C1A-84E5-43EA-9109-E66D210320F6}.Debug|Any CPU.ActiveCfg = Debug|Any CPU
		{4B632C1A-84E5-43EA-9109-E66D210320F6}.Debug|Any CPU.Build.0 = Debug|Any CPU
		{4B632C1A-84E5-43EA-9109-E66D210320F6}.Release|Any CPU.ActiveCfg = Release|Any CPU
		{4B632C1A-84E5-43EA-9109-E66D210320F6}.Release|Any CPU.Build.0 = Release|Any CPU
		{BFAAD278-8D92-4CEE-981D-FBD55D8ED59B}.Debug|Any CPU.ActiveCfg = Debug|Any CPU
		{BFAAD278-8D92-4CEE-981D-FBD55D8ED59B}.Debug|Any CPU.Build.0 = Debug|Any CPU
		{BFAAD278-8D92-4CEE-981D-FBD55D8ED59B}.Release|Any CPU.ActiveCfg = Release|Any CPU
		{BFAAD278-8D92-4CEE-981D-FBD55D8ED59B}.Release|Any CPU.Build.0 = Release|Any CPU
		{EE948219-B3D0-4AE2-97A7-5AA59CC22C05}.Debug|Any CPU.ActiveCfg = Debug|Any CPU
		{EE948219-B3D0-4AE2-97A7-5AA59CC22C05}.Debug|Any CPU.Build.0 = Debug|Any CPU
		{EE948219-B3D0-4AE2-97A7-5AA59CC22C05}.Release|Any CPU.ActiveCfg = Release|Any CPU
		{EE948219-B3D0-4AE2-97A7-5AA59CC22C05}.Release|Any CPU.Build.0 = Release|Any CPU
	EndGlobalSection
	GlobalSection(SolutionProperties) = preSolution
		HideSolutionNode = FALSE
	EndGlobalSection
	GlobalSection(ExtensibilityGlobals) = postSolution
		SolutionGuid = {6D38BA1D-47A8-4E1B-9AB0-8B1ADD3D9E48}
	EndGlobalSection
EndGlobal
