
Microsoft Visual Studio Solution File, Format Version 12.00
# Visual Studio Version 16
VisualStudioVersion = 16.0.32106.194
MinimumVisualStudioVersion = 10.0.40219.1
Project("{FAE04EC0-301F-11D3-BF4B-00C04F79EFBC}") = "Sayi_Tahmin_Oyunu_Metotla", "Sayi_Tahmin_Oyunu_Metotla\Sayi_Tahmin_Oyunu_Metotla.csproj", "{403A0006-CB6C-475F-9FE7-1800ABE5BF0C}"
EndProject
Global
	GlobalSection(SolutionConfigurationPlatforms) = preSolution
		Debug|Any CPU = Debug|Any CPU
		Release|Any CPU = Release|Any CPU
	EndGlobalSection
	GlobalSection(ProjectConfigurationPlatforms) = postSolution
		{403A0006-CB6C-475F-9FE7-1800ABE5BF0C}.Debug|Any CPU.ActiveCfg = Debug|Any CPU
		{403A0006-CB6C-475F-9FE7-1800ABE5BF0C}.Debug|Any CPU.Build.0 = Debug|Any CPU
		{403A0006-CB6C-475F-9FE7-1800ABE5BF0C}.Release|Any CPU.ActiveCfg = Release|Any CPU
		{403A0006-CB6C-475F-9FE7-1800ABE5BF0C}.Release|Any CPU.Build.0 = Release|Any CPU
	EndGlobalSection
	GlobalSection(SolutionProperties) = preSolution
		HideSolutionNode = FALSE
	EndGlobalSection
	GlobalSection(ExtensibilityGlobals) = postSolution
		SolutionGuid = {CD1C882F-0E68-475B-A04F-98B44C52F7D0}
	EndGlobalSection
EndGlobal
