
Microsoft Visual Studio Solution File, Format Version 12.00
# Visual Studio Version 16
VisualStudioVersion = 16.0.32106.194
MinimumVisualStudioVersion = 10.0.40219.1
Project("{FAE04EC0-301F-11D3-BF4B-00C04F79EFBC}") = "WithClassSql_Crud2", "WithClassSql_Crud2\WithClassSql_Crud2.csproj", "{693F7FA5-7EA7-4963-86F3-D77D8FEC3C6E}"
EndProject
Global
	GlobalSection(SolutionConfigurationPlatforms) = preSolution
		Debug|Any CPU = Debug|Any CPU
		Release|Any CPU = Release|Any CPU
	EndGlobalSection
	GlobalSection(ProjectConfigurationPlatforms) = postSolution
		{693F7FA5-7EA7-4963-86F3-D77D8FEC3C6E}.Debug|Any CPU.ActiveCfg = Debug|Any CPU
		{693F7FA5-7EA7-4963-86F3-D77D8FEC3C6E}.Debug|Any CPU.Build.0 = Debug|Any CPU
		{693F7FA5-7EA7-4963-86F3-D77D8FEC3C6E}.Release|Any CPU.ActiveCfg = Release|Any CPU
		{693F7FA5-7EA7-4963-86F3-D77D8FEC3C6E}.Release|Any CPU.Build.0 = Release|Any CPU
	EndGlobalSection
	GlobalSection(SolutionProperties) = preSolution
		HideSolutionNode = FALSE
	EndGlobalSection
	GlobalSection(ExtensibilityGlobals) = postSolution
		SolutionGuid = {BA0E319F-64EB-4ACA-ADB9-CB909E015FE3}
	EndGlobalSection
EndGlobal
