
Microsoft Visual Studio Solution File, Format Version 12.00
# Visual Studio Version 16
VisualStudioVersion = 16.0.32126.315
MinimumVisualStudioVersion = 10.0.40219.1
Project("{FAE04EC0-301F-11D3-BF4B-00C04F79EFBC}") = "PersonelTakipUygulamasi", "PersonelTakipUygulamasi\PersonelTakipUygulamasi.csproj", "{FD53C555-DE60-4BFD-9383-5EE2AC5FD106}"
EndProject
Global
	GlobalSection(SolutionConfigurationPlatforms) = preSolution
		Debug|Any CPU = Debug|Any CPU
		Release|Any CPU = Release|Any CPU
	EndGlobalSection
	GlobalSection(ProjectConfigurationPlatforms) = postSolution
		{FD53C555-DE60-4BFD-9383-5EE2AC5FD106}.Debug|Any CPU.ActiveCfg = Debug|Any CPU
		{FD53C555-DE60-4BFD-9383-5EE2AC5FD106}.Debug|Any CPU.Build.0 = Debug|Any CPU
		{FD53C555-DE60-4BFD-9383-5EE2AC5FD106}.Release|Any CPU.ActiveCfg = Release|Any CPU
		{FD53C555-DE60-4BFD-9383-5EE2AC5FD106}.Release|Any CPU.Build.0 = Release|Any CPU
	EndGlobalSection
	GlobalSection(SolutionProperties) = preSolution
		HideSolutionNode = FALSE
	EndGlobalSection
	GlobalSection(ExtensibilityGlobals) = postSolution
		SolutionGuid = {4461E3BF-649B-4E1E-80A3-9D4A936A94E5}
	EndGlobalSection
EndGlobal
