
Microsoft Visual Studio Solution File, Format Version 12.00
# Visual Studio Version 16
VisualStudioVersion = 16.0.32106.194
MinimumVisualStudioVersion = 10.0.40219.1
Project("{FAE04EC0-301F-11D3-BF4B-00C04F79EFBC}") = "Proje_11_Metotlar_Ornek1", "Proje_11_Metotlar_Ornek1\Proje_11_Metotlar_Ornek1.csproj", "{BEF62817-8A41-40B5-A425-7D78C08D1203}"
EndProject
Global
	GlobalSection(SolutionConfigurationPlatforms) = preSolution
		Debug|Any CPU = Debug|Any CPU
		Release|Any CPU = Release|Any CPU
	EndGlobalSection
	GlobalSection(ProjectConfigurationPlatforms) = postSolution
		{BEF62817-8A41-40B5-A425-7D78C08D1203}.Debug|Any CPU.ActiveCfg = Debug|Any CPU
		{BEF62817-8A41-40B5-A425-7D78C08D1203}.Debug|Any CPU.Build.0 = Debug|Any CPU
		{BEF62817-8A41-40B5-A425-7D78C08D1203}.Release|Any CPU.ActiveCfg = Release|Any CPU
		{BEF62817-8A41-40B5-A425-7D78C08D1203}.Release|Any CPU.Build.0 = Release|Any CPU
	EndGlobalSection
	GlobalSection(SolutionProperties) = preSolution
		HideSolutionNode = FALSE
	EndGlobalSection
	GlobalSection(ExtensibilityGlobals) = postSolution
		SolutionGuid = {1FB5D270-C185-4B41-AEE2-FC47BAF55867}
	EndGlobalSection
EndGlobal
