
Microsoft Visual Studio Solution File, Format Version 12.00
# Visual Studio Version 16
VisualStudioVersion = 16.0.32228.343
MinimumVisualStudioVersion = 10.0.40219.1
Project("{FAE04EC0-301F-11D3-BF4B-00C04F79EFBC}") = "07_DersBlogSite", "07_DersBlogSite\07_DersBlogSite.csproj", "{6822292B-7B23-454D-AD1B-54CD1A16ADE0}"
EndProject
Global
	GlobalSection(SolutionConfigurationPlatforms) = preSolution
		Debug|Any CPU = Debug|Any CPU
		Release|Any CPU = Release|Any CPU
	EndGlobalSection
	GlobalSection(ProjectConfigurationPlatforms) = postSolution
		{6822292B-7B23-454D-AD1B-54CD1A16ADE0}.Debug|Any CPU.ActiveCfg = Debug|Any CPU
		{6822292B-7B23-454D-AD1B-54CD1A16ADE0}.Debug|Any CPU.Build.0 = Debug|Any CPU
		{6822292B-7B23-454D-AD1B-54CD1A16ADE0}.Release|Any CPU.ActiveCfg = Release|Any CPU
		{6822292B-7B23-454D-AD1B-54CD1A16ADE0}.Release|Any CPU.Build.0 = Release|Any CPU
	EndGlobalSection
	GlobalSection(SolutionProperties) = preSolution
		HideSolutionNode = FALSE
	EndGlobalSection
	GlobalSection(ExtensibilityGlobals) = postSolution
		SolutionGuid = {58F72AFA-1574-4BB6-AF79-4403CFEE3995}
	EndGlobalSection
EndGlobal
