
Microsoft Visual Studio Solution File, Format Version 12.00
# Visual Studio Version 16
VisualStudioVersion = 16.0.32228.343
MinimumVisualStudioVersion = 10.0.40219.1
Project("{FAE04EC0-301F-11D3-BF4B-00C04F79EFBC}") = "05_MVC_03", "05_MVC_03\05_MVC_03.csproj", "{093460E8-8813-4D96-8FF6-20742D2A785F}"
EndProject
Global
	GlobalSection(SolutionConfigurationPlatforms) = preSolution
		Debug|Any CPU = Debug|Any CPU
		Release|Any CPU = Release|Any CPU
	EndGlobalSection
	GlobalSection(ProjectConfigurationPlatforms) = postSolution
		{093460E8-8813-4D96-8FF6-20742D2A785F}.Debug|Any CPU.ActiveCfg = Debug|Any CPU
		{093460E8-8813-4D96-8FF6-20742D2A785F}.Debug|Any CPU.Build.0 = Debug|Any CPU
		{093460E8-8813-4D96-8FF6-20742D2A785F}.Release|Any CPU.ActiveCfg = Release|Any CPU
		{093460E8-8813-4D96-8FF6-20742D2A785F}.Release|Any CPU.Build.0 = Release|Any CPU
	EndGlobalSection
	GlobalSection(SolutionProperties) = preSolution
		HideSolutionNode = FALSE
	EndGlobalSection
	GlobalSection(ExtensibilityGlobals) = postSolution
		SolutionGuid = {0F56700F-FAB6-4931-BE1C-3A764A9AB3E7}
	EndGlobalSection
EndGlobal
