
Microsoft Visual Studio Solution File, Format Version 12.00
# Visual Studio Version 16
<<<<<<< HEAD
VisualStudioVersion = 16.0.31424.327
MinimumVisualStudioVersion = 10.0.40219.1
Project("{FAE04EC0-301F-11D3-BF4B-00C04F79EFBC}") = "02_WithVisualStudioProject", "02_WithVisualStudioProject\02_WithVisualStudioProject.csproj", "{12D63946-4267-4FE1-8665-78997E412D05}"
=======
VisualStudioVersion = 16.0.32126.315
MinimumVisualStudioVersion = 10.0.40219.1
Project("{FAE04EC0-301F-11D3-BF4B-00C04F79EFBC}") = "02_WithVisualStudioProject", "02_WithVisualStudioProject\02_WithVisualStudioProject.csproj", "{A2DAB024-4C99-43DC-B673-892EFA5B69E8}"
>>>>>>> d1139366e9d3780fc402e9aa5385c186a6f3c8b5
EndProject
Global
	GlobalSection(SolutionConfigurationPlatforms) = preSolution
		Debug|Any CPU = Debug|Any CPU
		Release|Any CPU = Release|Any CPU
	EndGlobalSection
	GlobalSection(ProjectConfigurationPlatforms) = postSolution
<<<<<<< HEAD
		{12D63946-4267-4FE1-8665-78997E412D05}.Debug|Any CPU.ActiveCfg = Debug|Any CPU
		{12D63946-4267-4FE1-8665-78997E412D05}.Debug|Any CPU.Build.0 = Debug|Any CPU
		{12D63946-4267-4FE1-8665-78997E412D05}.Release|Any CPU.ActiveCfg = Release|Any CPU
		{12D63946-4267-4FE1-8665-78997E412D05}.Release|Any CPU.Build.0 = Release|Any CPU
=======
		{A2DAB024-4C99-43DC-B673-892EFA5B69E8}.Debug|Any CPU.ActiveCfg = Debug|Any CPU
		{A2DAB024-4C99-43DC-B673-892EFA5B69E8}.Debug|Any CPU.Build.0 = Debug|Any CPU
		{A2DAB024-4C99-43DC-B673-892EFA5B69E8}.Release|Any CPU.ActiveCfg = Release|Any CPU
		{A2DAB024-4C99-43DC-B673-892EFA5B69E8}.Release|Any CPU.Build.0 = Release|Any CPU
>>>>>>> d1139366e9d3780fc402e9aa5385c186a6f3c8b5
	EndGlobalSection
	GlobalSection(SolutionProperties) = preSolution
		HideSolutionNode = FALSE
	EndGlobalSection
	GlobalSection(ExtensibilityGlobals) = postSolution
<<<<<<< HEAD
		SolutionGuid = {5D5A2604-6F1B-4BBA-AA94-D1766202DA88}
=======
		SolutionGuid = {A5BDAFC4-46FA-47DE-BB85-77563EA9854F}
>>>>>>> d1139366e9d3780fc402e9aa5385c186a6f3c8b5
	EndGlobalSection
EndGlobal
