
Microsoft Visual Studio Solution File, Format Version 12.00
# Visual Studio Version 16
VisualStudioVersion = 16.0.32106.194
MinimumVisualStudioVersion = 10.0.40219.1
Project("{9A19103F-16F7-4668-BE54-9A1E7A4F7556}") = "Soru_If_03", "Soru_If_03\Soru_If_03.csproj", "{07F08AED-8B6C-440A-A8E9-8B718851ED65}"
EndProject
Global
	GlobalSection(SolutionConfigurationPlatforms) = preSolution
		Debug|Any CPU = Debug|Any CPU
		Release|Any CPU = Release|Any CPU
	EndGlobalSection
	GlobalSection(ProjectConfigurationPlatforms) = postSolution
		{07F08AED-8B6C-440A-A8E9-8B718851ED65}.Debug|Any CPU.ActiveCfg = Debug|Any CPU
		{07F08AED-8B6C-440A-A8E9-8B718851ED65}.Debug|Any CPU.Build.0 = Debug|Any CPU
		{07F08AED-8B6C-440A-A8E9-8B718851ED65}.Release|Any CPU.ActiveCfg = Release|Any CPU
		{07F08AED-8B6C-440A-A8E9-8B718851ED65}.Release|Any CPU.Build.0 = Release|Any CPU
	EndGlobalSection
	GlobalSection(SolutionProperties) = preSolution
		HideSolutionNode = FALSE
	EndGlobalSection
	GlobalSection(ExtensibilityGlobals) = postSolution
		SolutionGuid = {6953C581-691F-478C-9C1F-F8C265ADA78F}
	EndGlobalSection
EndGlobal
